
Microsoft Visual Studio Solution File, Format Version 12.00
# Visual Studio Version 16
VisualStudioVersion = 16.0.30114.105
MinimumVisualStudioVersion = 10.0.40219.1
Project("{2150E333-8FDC-42A3-9474-1A3956D46DE8}") = "src", "src", "{852F431E-19E8-4865-9F03-FFA60A5939C8}"
EndProject
Project("{9A19103F-16F7-4668-BE54-9A1E7A4F7556}") = "DidarCodeChallenge.Api", "src\DidarCodeChallenge.Api\DidarCodeChallenge.Api.csproj", "{0EAD8790-7BD5-4B11-8D23-2C40D010FFC3}"
EndProject
Project("{FAE04EC0-301F-11D3-BF4B-00C04F79EFBC}") = "DidarCodeChallenge.Test", "src\DidarCodeChallenge.Test\DidarCodeChallenge.Test.csproj", "{BE298BDC-C63A-42D2-84BC-5701F0E43DC8}"
EndProject
Global
	GlobalSection(SolutionConfigurationPlatforms) = preSolution
		Debug|Any CPU = Debug|Any CPU
		Debug|x64 = Debug|x64
		Debug|x86 = Debug|x86
		Release|Any CPU = Release|Any CPU
		Release|x64 = Release|x64
		Release|x86 = Release|x86
	EndGlobalSection
	GlobalSection(ProjectConfigurationPlatforms) = postSolution
		{0EAD8790-7BD5-4B11-8D23-2C40D010FFC3}.Debug|Any CPU.ActiveCfg = Debug|Any CPU
		{0EAD8790-7BD5-4B11-8D23-2C40D010FFC3}.Debug|Any CPU.Build.0 = Debug|Any CPU
		{0EAD8790-7BD5-4B11-8D23-2C40D010FFC3}.Debug|x64.ActiveCfg = Debug|Any CPU
		{0EAD8790-7BD5-4B11-8D23-2C40D010FFC3}.Debug|x64.Build.0 = Debug|Any CPU
		{0EAD8790-7BD5-4B11-8D23-2C40D010FFC3}.Debug|x86.ActiveCfg = Debug|Any CPU
		{0EAD8790-7BD5-4B11-8D23-2C40D010FFC3}.Debug|x86.Build.0 = Debug|Any CPU
		{0EAD8790-7BD5-4B11-8D23-2C40D010FFC3}.Release|Any CPU.ActiveCfg = Release|Any CPU
		{0EAD8790-7BD5-4B11-8D23-2C40D010FFC3}.Release|Any CPU.Build.0 = Release|Any CPU
		{0EAD8790-7BD5-4B11-8D23-2C40D010FFC3}.Release|x64.ActiveCfg = Release|Any CPU
		{0EAD8790-7BD5-4B11-8D23-2C40D010FFC3}.Release|x64.Build.0 = Release|Any CPU
		{0EAD8790-7BD5-4B11-8D23-2C40D010FFC3}.Release|x86.ActiveCfg = Release|Any CPU
		{0EAD8790-7BD5-4B11-8D23-2C40D010FFC3}.Release|x86.Build.0 = Release|Any CPU
		{BE298BDC-C63A-42D2-84BC-5701F0E43DC8}.Debug|Any CPU.ActiveCfg = Debug|Any CPU
		{BE298BDC-C63A-42D2-84BC-5701F0E43DC8}.Debug|Any CPU.Build.0 = Debug|Any CPU
		{BE298BDC-C63A-42D2-84BC-5701F0E43DC8}.Debug|x64.ActiveCfg = Debug|Any CPU
		{BE298BDC-C63A-42D2-84BC-5701F0E43DC8}.Debug|x64.Build.0 = Debug|Any CPU
		{BE298BDC-C63A-42D2-84BC-5701F0E43DC8}.Debug|x86.ActiveCfg = Debug|Any CPU
		{BE298BDC-C63A-42D2-84BC-5701F0E43DC8}.Debug|x86.Build.0 = Debug|Any CPU
		{BE298BDC-C63A-42D2-84BC-5701F0E43DC8}.Release|Any CPU.ActiveCfg = Release|Any CPU
		{BE298BDC-C63A-42D2-84BC-5701F0E43DC8}.Release|Any CPU.Build.0 = Release|Any CPU
		{BE298BDC-C63A-42D2-84BC-5701F0E43DC8}.Release|x64.ActiveCfg = Release|Any CPU
		{BE298BDC-C63A-42D2-84BC-5701F0E43DC8}.Release|x64.Build.0 = Release|Any CPU
		{BE298BDC-C63A-42D2-84BC-5701F0E43DC8}.Release|x86.ActiveCfg = Release|Any CPU
		{BE298BDC-C63A-42D2-84BC-5701F0E43DC8}.Release|x86.Build.0 = Release|Any CPU
	EndGlobalSection
	GlobalSection(SolutionProperties) = preSolution
		HideSolutionNode = FALSE
	EndGlobalSection
	GlobalSection(NestedProjects) = preSolution
		{0EAD8790-7BD5-4B11-8D23-2C40D010FFC3} = {852F431E-19E8-4865-9F03-FFA60A5939C8}
		{BE298BDC-C63A-42D2-84BC-5701F0E43DC8} = {852F431E-19E8-4865-9F03-FFA60A5939C8}
	EndGlobalSection
	GlobalSection(ExtensibilityGlobals) = postSolution
		SolutionGuid = {04A17F7D-E5BA-4EAE-B6A6-47B7E50006DA}
	EndGlobalSection
EndGlobal
